// !$*UTF8*$!
{
	archiveVersion = 1;
	classes = {
	};
	objectVersion = 46;
	objects = {

/* Begin PBXBuildFile section */
		60FB15B81B1A33B2009844CB /* AppDelegate.swift in Sources */ = {isa = PBXBuildFile; fileRef = 60FB15B71B1A33B2009844CB /* AppDelegate.swift */; };
		60FB15BA1B1A33B2009844CB /* ViewController.swift in Sources */ = {isa = PBXBuildFile; fileRef = 60FB15B91B1A33B2009844CB /* ViewController.swift */; };
		60FB15BD1B1A33B2009844CB /* Main.storyboard in Resources */ = {isa = PBXBuildFile; fileRef = 60FB15BB1B1A33B2009844CB /* Main.storyboard */; };
		60FB15BF1B1A33B2009844CB /* Images.xcassets in Resources */ = {isa = PBXBuildFile; fileRef = 60FB15BE1B1A33B2009844CB /* Images.xcassets */; };
		60FB15C21B1A33B2009844CB /* LaunchScreen.xib in Resources */ = {isa = PBXBuildFile; fileRef = 60FB15C01B1A33B2009844CB /* LaunchScreen.xib */; };
		60FB15CE1B1A33B2009844CB /* postcard2Tests.swift in Sources */ = {isa = PBXBuildFile; fileRef = 60FB15CD1B1A33B2009844CB /* postcard2Tests.swift */; };
/* End PBXBuildFile section */

/* Begin PBXContainerItemProxy section */
		60FB15C81B1A33B2009844CB /* PBXContainerItemProxy */ = {
			isa = PBXContainerItemProxy;
			containerPortal = 60FB15AA1B1A33B2009844CB /* Project object */;
			proxyType = 1;
			remoteGlobalIDString = 60FB15B11B1A33B2009844CB;
			remoteInfo = postcard2;
		};
/* End PBXContainerItemProxy section */

/* Begin PBXFileReference section */
		60FB15B21B1A33B2009844CB /* postcard2.app */ = {isa = PBXFileReference; explicitFileType = wrapper.application; includeInIndex = 0; path = postcard2.app; sourceTree = BUILT_PRODUCTS_DIR; };
		60FB15B61B1A33B2009844CB /* Info.plist */ = {isa = PBXFileReference; lastKnownFileType = text.plist.xml; path = Info.plist; sourceTree = "<group>"; };
		60FB15B71B1A33B2009844CB /* AppDelegate.swift */ = {isa = PBXFileReference; lastKnownFileType = sourcecode.swift; path = AppDelegate.swift; sourceTree = "<group>"; };
		60FB15B91B1A33B2009844CB /* ViewController.swift */ = {isa = PBXFileReference; lastKnownFileType = sourcecode.swift; path = ViewController.swift; sourceTree = "<group>"; };
		60FB15BC1B1A33B2009844CB /* Base */ = {isa = PBXFileReference; lastKnownFileType = file.storyboard; name = Base; path = Base.lproj/Main.storyboard; sourceTree = "<group>"; };
		60FB15BE1B1A33B2009844CB /* Images.xcassets */ = {isa = PBXFileReference; lastKnownFileType = folder.assetcatalog; path = Images.xcassets; sourceTree = "<group>"; };
		60FB15C11B1A33B2009844CB /* Base */ = {isa = PBXFileReference; lastKnownFileType = file.xib; name = Base; path = Base.lproj/LaunchScreen.xib; sourceTree = "<group>"; };
		60FB15C71B1A33B2009844CB /* postcard2Tests.xctest */ = {isa = PBXFileReference; explicitFileType = wrapper.cfbundle; includeInIndex = 0; path = postcard2Tests.xctest; sourceTree = BUILT_PRODUCTS_DIR; };
		60FB15CC1B1A33B2009844CB /* Info.plist */ = {isa = PBXFileReference; lastKnownFileType = text.plist.xml; path = Info.plist; sourceTree = "<group>"; };
		60FB15CD1B1A33B2009844CB /* postcard2Tests.swift */ = {isa = PBXFileReference; lastKnownFileType = sourcecode.swift; path = postcard2Tests.swift; sourceTree = "<group>"; };
/* End PBXFileReference section */

/* Begin PBXFrameworksBuildPhase section */
		60FB15AF1B1A33B2009844CB /* Frameworks */ = {
			isa = PBXFrameworksBuildPhase;
			buildActionMask = 2147483647;
			files = (
			);
			runOnlyForDeploymentPostprocessing = 0;
		};
		60FB15C41B1A33B2009844CB /* Frameworks */ = {
			isa = PBXFrameworksBuildPhase;
			buildActionMask = 2147483647;
			files = (
			);
			runOnlyForDeploymentPostprocessing = 0;
		};
/* End PBXFrameworksBuildPhase section */

/* Begin PBXGroup section */
		60FB15A91B1A33B2009844CB = {
			isa = PBXGroup;
			children = (
				60FB15B41B1A33B2009844CB /* postcard2 */,
				60FB15CA1B1A33B2009844CB /* postcard2Tests */,
				60FB15B31B1A33B2009844CB /* Products */,
			);
			sourceTree = "<group>";
		};
		60FB15B31B1A33B2009844CB /* Products */ = {
			isa = PBXGroup;
			children = (
				60FB15B21B1A33B2009844CB /* postcard2.app */,
				60FB15C71B1A33B2009844CB /* postcard2Tests.xctest */,
			);
			name = Products;
			sourceTree = "<group>";
		};
		60FB15B41B1A33B2009844CB /* postcard2 */ = {
			isa = PBXGroup;
			children = (
				60FB15B71B1A33B2009844CB /* AppDelegate.swift */,
				60FB15B91B1A33B2009844CB /* ViewController.swift */,
				60FB15BB1B1A33B2009844CB /* Main.storyboard */,
				60FB15BE1B1A33B2009844CB /* Images.xcassets */,
				60FB15C01B1A33B2009844CB /* LaunchScreen.xib */,
				60FB15B51B1A33B2009844CB /* Supporting Files */,
			);
			path = postcard2;
			sourceTree = "<group>";
		};
		60FB15B51B1A33B2009844CB /* Supporting Files */ = {
			isa = PBXGroup;
			children = (
				60FB15B61B1A33B2009844CB /* Info.plist */,
			);
			name = "Supporting Files";
			sourceTree = "<group>";
		};
		60FB15CA1B1A33B2009844CB /* postcard2Tests */ = {
			isa = PBXGroup;
			children = (
				60FB15CD1B1A33B2009844CB /* postcard2Tests.swift */,
				60FB15CB1B1A33B2009844CB /* Supporting Files */,
			);
			path = postcard2Tests;
			sourceTree = "<group>";
		};
		60FB15CB1B1A33B2009844CB /* Supporting Files */ = {
			isa = PBXGroup;
			children = (
				60FB15CC1B1A33B2009844CB /* Info.plist */,
			);
			name = "Supporting Files";
			sourceTree = "<group>";
		};
/* End PBXGroup section */

/* Begin PBXNativeTarget section */
		60FB15B11B1A33B2009844CB /* postcard2 */ = {
			isa = PBXNativeTarget;
			buildConfigurationList = 60FB15D11B1A33B2009844CB /* Build configuration list for PBXNativeTarget "postcard2" */;
			buildPhases = (
				60FB15AE1B1A33B2009844CB /* Sources */,
				60FB15AF1B1A33B2009844CB /* Frameworks */,
				60FB15B01B1A33B2009844CB /* Resources */,
			);
			buildRules = (
			);
			dependencies = (
			);
			name = postcard2;
			productName = postcard2;
			productReference = 60FB15B21B1A33B2009844CB /* postcard2.app */;
			productType = "com.apple.product-type.application";
		};
		60FB15C61B1A33B2009844CB /* postcard2Tests */ = {
			isa = PBXNativeTarget;
			buildConfigurationList = 60FB15D41B1A33B2009844CB /* Build configuration list for PBXNativeTarget "postcard2Tests" */;
			buildPhases = (
				60FB15C31B1A33B2009844CB /* Sources */,
				60FB15C41B1A33B2009844CB /* Frameworks */,
				60FB15C51B1A33B2009844CB /* Resources */,
			);
			buildRules = (
			);
			dependencies = (
				60FB15C91B1A33B2009844CB /* PBXTargetDependency */,
			);
			name = postcard2Tests;
			productName = postcard2Tests;
			productReference = 60FB15C71B1A33B2009844CB /* postcard2Tests.xctest */;
			productType = "com.apple.product-type.bundle.unit-test";
		};
/* End PBXNativeTarget section */

/* Begin PBXProject section */
		60FB15AA1B1A33B2009844CB /* Project object */ = {
			isa = PBXProject;
			attributes = {
				LastUpgradeCheck = 0630;
				ORGANIZATIONNAME = shaunyap;
				TargetAttributes = {
					60FB15B11B1A33B2009844CB = {
						CreatedOnToolsVersion = 6.3.2;
					};
					60FB15C61B1A33B2009844CB = {
						CreatedOnToolsVersion = 6.3.2;
						TestTargetID = 60FB15B11B1A33B2009844CB;
					};
				};
			};
			buildConfigurationList = 60FB15AD1B1A33B2009844CB /* Build configuration list for PBXProject "postcard2" */;
			compatibilityVersion = "Xcode 3.2";
			developmentRegion = English;
			hasScannedForEncodings = 0;
			knownRegions = (
				en,
				Base,
			);
			mainGroup = 60FB15A91B1A33B2009844CB;
			productRefGroup = 60FB15B31B1A33B2009844CB /* Products */;
			projectDirPath = "";
			projectRoot = "";
			targets = (
				60FB15B11B1A33B2009844CB /* postcard2 */,
				60FB15C61B1A33B2009844CB /* postcard2Tests */,
			);
		};
/* End PBXProject section */

/* Begin PBXResourcesBuildPhase section */
		60FB15B01B1A33B2009844CB /* Resources */ = {
			isa = PBXResourcesBuildPhase;
			buildActionMask = 2147483647;
			files = (
				60FB15BD1B1A33B2009844CB /* Main.storyboard in Resources */,
				60FB15C21B1A33B2009844CB /* LaunchScreen.xib in Resources */,
				60FB15BF1B1A33B2009844CB /* Images.xcassets in Resources */,
			);
			runOnlyForDeploymentPostprocessing = 0;
		};
		60FB15C51B1A33B2009844CB /* Resources */ = {
			isa = PBXResourcesBuildPhase;
			buildActionMask = 2147483647;
			files = (
			);
			runOnlyForDeploymentPostprocessing = 0;
		};
/* End PBXResourcesBuildPhase section */

/* Begin PBXSourcesBuildPhase section */
		60FB15AE1B1A33B2009844CB /* Sources */ = {
			isa = PBXSourcesBuildPhase;
			buildActionMask = 2147483647;
			files = (
				60FB15BA1B1A33B2009844CB /* ViewController.swift in Sources */,
				60FB15B81B1A33B2009844CB /* AppDelegate.swift in Sources */,
			);
			runOnlyForDeploymentPostprocessing = 0;
		};
		60FB15C31B1A33B2009844CB /* Sources */ = {
			isa = PBXSourcesBuildPhase;
			buildActionMask = 2147483647;
			files = (
				60FB15CE1B1A33B2009844CB /* postcard2Tests.swift in Sources */,
			);
			runOnlyForDeploymentPostprocessing = 0;
		};
/* End PBXSourcesBuildPhase section */

/* Begin PBXTargetDependency section */
		60FB15C91B1A33B2009844CB /* PBXTargetDependency */ = {
			isa = PBXTargetDependency;
			target = 60FB15B11B1A33B2009844CB /* postcard2 */;
			targetProxy = 60FB15C81B1A33B2009844CB /* PBXContainerItemProxy */;
		};
/* End PBXTargetDependency section */

/* Begin PBXVariantGroup section */
		60FB15BB1B1A33B2009844CB /* Main.storyboard */ = {
			isa = PBXVariantGroup;
			children = (
				60FB15BC1B1A33B2009844CB /* Base */,
			);
			name = Main.storyboard;
			sourceTree = "<group>";
		};
		60FB15C01B1A33B2009844CB /* LaunchScreen.xib */ = {
			isa = PBXVariantGroup;
			children = (
				60FB15C11B1A33B2009844CB /* Base */,
			);
			name = LaunchScreen.xib;
			sourceTree = "<group>";
		};
/* End PBXVariantGroup section */

/* Begin XCBuildConfiguration section */
		60FB15CF1B1A33B2009844CB /* Debug */ = {
			isa = XCBuildConfiguration;
			buildSettings = {
				ALWAYS_SEARCH_USER_PATHS = NO;
				CLANG_CXX_LANGUAGE_STANDARD = "gnu++0x";
				CLANG_CXX_LIBRARY = "libc++";
				CLANG_ENABLE_MODULES = YES;
				CLANG_ENABLE_OBJC_ARC = YES;
				CLANG_WARN_BOOL_CONVERSION = YES;
				CLANG_WARN_CONSTANT_CONVERSION = YES;
				CLANG_WARN_DIRECT_OBJC_ISA_USAGE = YES_ERROR;
				CLANG_WARN_EMPTY_BODY = YES;
				CLANG_WARN_ENUM_CONVERSION = YES;
				CLANG_WARN_INT_CONVERSION = YES;
				CLANG_WARN_OBJC_ROOT_CLASS = YES_ERROR;
				CLANG_WARN_UNREACHABLE_CODE = YES;
				CLANG_WARN__DUPLICATE_METHOD_MATCH = YES;
				"CODE_SIGN_IDENTITY[sdk=iphoneos*]" = "iPhone Developer";
				COPY_PHASE_STRIP = NO;
				DEBUG_INFORMATION_FORMAT = "dwarf-with-dsym";
				ENABLE_STRICT_OBJC_MSGSEND = YES;
				GCC_C_LANGUAGE_STANDARD = gnu99;
				GCC_DYNAMIC_NO_PIC = NO;
				GCC_NO_COMMON_BLOCKS = YES;
				GCC_OPTIMIZATION_LEVEL = 0;
				GCC_PREPROCESSOR_DEFINITIONS = (
					"DEBUG=1",
					"$(inherited)",
				);
				GCC_SYMBOLS_PRIVATE_EXTERN = NO;
				GCC_WARN_64_TO_32_BIT_CONVERSION = YES;
				GCC_WARN_ABOUT_RETURN_TYPE = YES_ERROR;
				GCC_WARN_UNDECLARED_SELECTOR = YES;
				GCC_WARN_UNINITIALIZED_AUTOS = YES_AGGRESSIVE;
				GCC_WARN_UNUSED_FUNCTION = YES;
				GCC_WARN_UNUSED_VARIABLE = YES;
				IPHONEOS_DEPLOYMENT_TARGET = 8.3;
				MTL_ENABLE_DEBUG_INFO = YES;
				ONLY_ACTIVE_ARCH = YES;
				SDKROOT = iphoneos;
				SWIFT_OPTIMIZATION_LEVEL = "-Onone";
				TARGETED_DEVICE_FAMILY = "1,2";
			};
			name = Debug;
		};
		60FB15D01B1A33B2009844CB /* Release */ = {
			isa = XCBuildConfiguration;
			buildSettings = {
				ALWAYS_SEARCH_USER_PATHS = NO;
				CLANG_CXX_LANGUAGE_STANDARD = "gnu++0x";
				CLANG_CXX_LIBRARY = "libc++";
				CLANG_ENABLE_MODULES = YES;
				CLANG_ENABLE_OBJC_ARC = YES;
				CLANG_WARN_BOOL_CONVERSION = YES;
				CLANG_WARN_CONSTANT_CONVERSION = YES;
				CLANG_WARN_DIRECT_OBJC_ISA_USAGE = YES_ERROR;
				CLANG_WARN_EMPTY_BODY = YES;
				CLANG_WARN_ENUM_CONVERSION = YES;
				CLANG_WARN_INT_CONVERSION = YES;
				CLANG_WARN_OBJC_ROOT_CLASS = YES_ERROR;
				CLANG_WARN_UNREACHABLE_CODE = YES;
				CLANG_WARN__DUPLICATE_METHOD_MATCH = YES;
				"CODE_SIGN_IDENTITY[sdk=iphoneos*]" = "iPhone Developer";
				COPY_PHASE_STRIP = NO;
				DEBUG_INFORMATION_FORMAT = "dwarf-with-dsym";
				ENABLE_NS_ASSERTIONS = NO;
				ENABLE_STRICT_OBJC_MSGSEND = YES;
				GCC_C_LANGUAGE_STANDARD = gnu99;
				GCC_NO_COMMON_BLOCKS = YES;
				GCC_WARN_64_TO_32_BIT_CONVERSION = YES;
				GCC_WARN_ABOUT_RETURN_TYPE = YES_ERROR;
				GCC_WARN_UNDECLARED_SELECTOR = YES;
				GCC_WARN_UNINITIALIZED_AUTOS = YES_AGGRESSIVE;
				GCC_WARN_UNUSED_FUNCTION = YES;
				GCC_WARN_UNUSED_VARIABLE = YES;
				IPHONEOS_DEPLOYMENT_TARGET = 8.3;
				MTL_ENABLE_DEBUG_INFO = NO;
				SDKROOT = iphoneos;
				TARGETED_DEVICE_FAMILY = "1,2";
				VALIDATE_PRODUCT = YES;
			};
			name = Release;
		};
		60FB15D21B1A33B2009844CB /* Debug */ = {
			isa = XCBuildConfiguration;
			buildSettings = {
				ASSETCATALOG_COMPILER_APPICON_NAME = AppIcon;
				INFOPLIST_FILE = postcard2/Info.plist;
				LD_RUNPATH_SEARCH_PATHS = "$(inherited) @executable_path/Frameworks";
				PRODUCT_NAME = "$(TARGET_NAME)";
			};
			name = Debug;
		};
		60FB15D31B1A33B2009844CB /* Release */ = {
			isa = XCBuildConfiguration;
			buildSettings = {
				ASSETCATALOG_COMPILER_APPICON_NAME = AppIcon;
				INFOPLIST_FILE = postcard2/Info.plist;
				LD_RUNPATH_SEARCH_PATHS = "$(inherited) @executable_path/Frameworks";
				PRODUCT_NAME = "$(TARGET_NAME)";
			};
			name = Release;
		};
		60FB15D51B1A33B2009844CB /* Debug */ = {
			isa = XCBuildConfiguration;
			buildSettings = {
				BUNDLE_LOADER = "$(TEST_HOST)";
				FRAMEWORK_SEARCH_PATHS = (
					"$(SDKROOT)/Developer/Library/Frameworks",
					"$(inherited)",
				);
				GCC_PREPROCESSOR_DEFINITIONS = (
					"DEBUG=1",
					"$(inherited)",
				);
				INFOPLIST_FILE = postcard2Tests/Info.plist;
				LD_RUNPATH_SEARCH_PATHS = "$(inherited) @executable_path/Frameworks @loader_path/Frameworks";
				PRODUCT_NAME = "$(TARGET_NAME)";
				TEST_HOST = "$(BUILT_PRODUCTS_DIR)/postcard2.app/postcard2";
			};
			name = Debug;
		};
		60FB15D61B1A33B2009844CB /* Release */ = {
			isa = XCBuildConfiguration;
			buildSettings = {
				BUNDLE_LOADER = "$(TEST_HOST)";
				FRAMEWORK_SEARCH_PATHS = (
					"$(SDKROOT)/Developer/Library/Frameworks",
					"$(inherited)",
				);
				INFOPLIST_FILE = postcard2Tests/Info.plist;
				LD_RUNPATH_SEARCH_PATHS = "$(inherited) @executable_path/Frameworks @loader_path/Frameworks";
				PRODUCT_NAME = "$(TARGET_NAME)";
				TEST_HOST = "$(BUILT_PRODUCTS_DIR)/postcard2.app/postcard2";
			};
			name = Release;
		};
/* End XCBuildConfiguration section */

/* Begin XCConfigurationList section */
		60FB15AD1B1A33B2009844CB /* Build configuration list for PBXProject "postcard2" */ = {
			isa = XCConfigurationList;
			buildConfigurations = (
				60FB15CF1B1A33B2009844CB /* Debug */,
				60FB15D01B1A33B2009844CB /* Release */,
			);
			defaultConfigurationIsVisible = 0;
			defaultConfigurationName = Release;
		};
		60FB15D11B1A33B2009844CB /* Build configuration list for PBXNativeTarget "postcard2" */ = {
			isa = XCConfigurationList;
			buildConfigurations = (
				60FB15D21B1A33B2009844CB /* Debug */,
				60FB15D31B1A33B2009844CB /* Release */,
			);
			defaultConfigurationIsVisible = 0;
		};
		60FB15D41B1A33B2009844CB /* Build configuration list for PBXNativeTarget "postcard2Tests" */ = {
			isa = XCConfigurationList;
			buildConfigurations = (
				60FB15D51B1A33B2009844CB /* Debug */,
				60FB15D61B1A33B2009844CB /* Release */,
			);
			defaultConfigurationIsVisible = 0;
		};
/* End XCConfigurationList section */
	};
	rootObject = 60FB15AA1B1A33B2009844CB /* Project object */;
}
